
Microsoft Visual Studio Solution File, Format Version 12.00
# Visual Studio 15
VisualStudioVersion = 15.0.28010.2046
MinimumVisualStudioVersion = 10.0.40219.1
Project("{FAE04EC0-301F-11D3-BF4B-00C04F79EFBC}") = "DataWorks_Test", "DataWorks_Test\DataWorks_Test.csproj", "{129224BC-9760-4E74-89C6-B7AFB9878EFB}"
EndProject
Global
	GlobalSection(SolutionConfigurationPlatforms) = preSolution
		Debug|Any CPU = Debug|Any CPU
		Release|Any CPU = Release|Any CPU
	EndGlobalSection
	GlobalSection(ProjectConfigurationPlatforms) = postSolution
		{129224BC-9760-4E74-89C6-B7AFB9878EFB}.Debug|Any CPU.ActiveCfg = Debug|Any CPU
		{129224BC-9760-4E74-89C6-B7AFB9878EFB}.Debug|Any CPU.Build.0 = Debug|Any CPU
		{129224BC-9760-4E74-89C6-B7AFB9878EFB}.Release|Any CPU.ActiveCfg = Release|Any CPU
		{129224BC-9760-4E74-89C6-B7AFB9878EFB}.Release|Any CPU.Build.0 = Release|Any CPU
	EndGlobalSection
	GlobalSection(SolutionProperties) = preSolution
		HideSolutionNode = FALSE
	EndGlobalSection
	GlobalSection(ExtensibilityGlobals) = postSolution
		SolutionGuid = {638C926F-A19E-4C08-A152-CDD3C3B628BE}
	EndGlobalSection
EndGlobal
